// !$*UTF8*$!
{
	archiveVersion = 1;
	classes = {
	};
	objectVersion = 51;
	objects = {

/* Begin PBXBuildFile section */
		6619FCF4260E5A36009292A1 /* AppDelegate.swift in Sources */ = {isa = PBXBuildFile; fileRef = 6619FCF3260E5A36009292A1 /* AppDelegate.swift */; };
		6619FCF6260E5A36009292A1 /* SceneDelegate.swift in Sources */ = {isa = PBXBuildFile; fileRef = 6619FCF5260E5A36009292A1 /* SceneDelegate.swift */; };
		6619FCF8260E5A36009292A1 /* ViewController.swift in Sources */ = {isa = PBXBuildFile; fileRef = 6619FCF7260E5A36009292A1 /* ViewController.swift */; };
		6619FCFB260E5A36009292A1 /* Main.storyboard in Resources */ = {isa = PBXBuildFile; fileRef = 6619FCF9260E5A36009292A1 /* Main.storyboard */; };
		6619FCFE260E5A36009292A1 /* MovieLibrary.xcdatamodeld in Sources */ = {isa = PBXBuildFile; fileRef = 6619FCFC260E5A36009292A1 /* MovieLibrary.xcdatamodeld */; };
		6619FD00260E5A39009292A1 /* Assets.xcassets in Resources */ = {isa = PBXBuildFile; fileRef = 6619FCFF260E5A39009292A1 /* Assets.xcassets */; };
		6619FD03260E5A39009292A1 /* LaunchScreen.storyboard in Resources */ = {isa = PBXBuildFile; fileRef = 6619FD01260E5A39009292A1 /* LaunchScreen.storyboard */; };
		6619FD0E260E5A3A009292A1 /* MovieLibraryTests.swift in Sources */ = {isa = PBXBuildFile; fileRef = 6619FD0D260E5A3A009292A1 /* MovieLibraryTests.swift */; };
		6619FD19260E5A3A009292A1 /* MovieLibraryUITests.swift in Sources */ = {isa = PBXBuildFile; fileRef = 6619FD18260E5A3A009292A1 /* MovieLibraryUITests.swift */; };
		66F1AB36260FB90A00349E70 /* MoviesAPI.swift in Sources */ = {isa = PBXBuildFile; fileRef = 66F1AB35260FB90A00349E70 /* MoviesAPI.swift */; };
		719BD9876CCD30482F1D0606 /* Pods_MovieLibrary_MovieLibraryUITests.framework in Frameworks */ = {isa = PBXBuildFile; fileRef = A9D3EAC3820B737BAD8C6C4A /* Pods_MovieLibrary_MovieLibraryUITests.framework */; };
		8DF2519F168EBEBECA55B16E /* Pods_MovieLibrary.framework in Frameworks */ = {isa = PBXBuildFile; fileRef = 7F2BC254B841DE494CE4D9F0 /* Pods_MovieLibrary.framework */; };
		CCF3F307615303BB70393D45 /* Pods_MovieLibraryTests.framework in Frameworks */ = {isa = PBXBuildFile; fileRef = AB8788AE0D307BCDFA22E94C /* Pods_MovieLibraryTests.framework */; };
/* End PBXBuildFile section */

/* Begin PBXContainerItemProxy section */
		6619FD0A260E5A3A009292A1 /* PBXContainerItemProxy */ = {
			isa = PBXContainerItemProxy;
			containerPortal = 6619FCE8260E5A36009292A1 /* Project object */;
			proxyType = 1;
			remoteGlobalIDString = 6619FCEF260E5A36009292A1;
			remoteInfo = MovieLibrary;
		};
		6619FD15260E5A3A009292A1 /* PBXContainerItemProxy */ = {
			isa = PBXContainerItemProxy;
			containerPortal = 6619FCE8260E5A36009292A1 /* Project object */;
			proxyType = 1;
			remoteGlobalIDString = 6619FCEF260E5A36009292A1;
			remoteInfo = MovieLibrary;
		};
/* End PBXContainerItemProxy section */

/* Begin PBXFileReference section */
		2379AB1C7A74AD9828AE0B43 /* Pods-MovieLibrary-MovieLibraryUITests.release.xcconfig */ = {isa = PBXFileReference; includeInIndex = 1; lastKnownFileType = text.xcconfig; name = "Pods-MovieLibrary-MovieLibraryUITests.release.xcconfig"; path = "Target Support Files/Pods-MovieLibrary-MovieLibraryUITests/Pods-MovieLibrary-MovieLibraryUITests.release.xcconfig"; sourceTree = "<group>"; };
		4E4D5FDF619B36574B506F67 /* Pods-MovieLibrary.release.xcconfig */ = {isa = PBXFileReference; includeInIndex = 1; lastKnownFileType = text.xcconfig; name = "Pods-MovieLibrary.release.xcconfig"; path = "Target Support Files/Pods-MovieLibrary/Pods-MovieLibrary.release.xcconfig"; sourceTree = "<group>"; };
		6619FCF0260E5A36009292A1 /* MovieLibrary.app */ = {isa = PBXFileReference; explicitFileType = wrapper.application; includeInIndex = 0; path = MovieLibrary.app; sourceTree = BUILT_PRODUCTS_DIR; };
		6619FCF3260E5A36009292A1 /* AppDelegate.swift */ = {isa = PBXFileReference; lastKnownFileType = sourcecode.swift; path = AppDelegate.swift; sourceTree = "<group>"; };
		6619FCF5260E5A36009292A1 /* SceneDelegate.swift */ = {isa = PBXFileReference; lastKnownFileType = sourcecode.swift; path = SceneDelegate.swift; sourceTree = "<group>"; };
		6619FCF7260E5A36009292A1 /* ViewController.swift */ = {isa = PBXFileReference; lastKnownFileType = sourcecode.swift; path = ViewController.swift; sourceTree = "<group>"; };
		6619FCFA260E5A36009292A1 /* Base */ = {isa = PBXFileReference; lastKnownFileType = file.storyboard; name = Base; path = Base.lproj/Main.storyboard; sourceTree = "<group>"; };
		6619FCFD260E5A36009292A1 /* MovieLibrary.xcdatamodel */ = {isa = PBXFileReference; lastKnownFileType = wrapper.xcdatamodel; path = MovieLibrary.xcdatamodel; sourceTree = "<group>"; };
		6619FCFF260E5A39009292A1 /* Assets.xcassets */ = {isa = PBXFileReference; lastKnownFileType = folder.assetcatalog; path = Assets.xcassets; sourceTree = "<group>"; };
		6619FD02260E5A39009292A1 /* Base */ = {isa = PBXFileReference; lastKnownFileType = file.storyboard; name = Base; path = Base.lproj/LaunchScreen.storyboard; sourceTree = "<group>"; };
		6619FD04260E5A39009292A1 /* Info.plist */ = {isa = PBXFileReference; lastKnownFileType = text.plist.xml; path = Info.plist; sourceTree = "<group>"; };
		6619FD09260E5A3A009292A1 /* MovieLibraryTests.xctest */ = {isa = PBXFileReference; explicitFileType = wrapper.cfbundle; includeInIndex = 0; path = MovieLibraryTests.xctest; sourceTree = BUILT_PRODUCTS_DIR; };
		6619FD0D260E5A3A009292A1 /* MovieLibraryTests.swift */ = {isa = PBXFileReference; lastKnownFileType = sourcecode.swift; path = MovieLibraryTests.swift; sourceTree = "<group>"; };
		6619FD0F260E5A3A009292A1 /* Info.plist */ = {isa = PBXFileReference; lastKnownFileType = text.plist.xml; path = Info.plist; sourceTree = "<group>"; };
		6619FD14260E5A3A009292A1 /* MovieLibraryUITests.xctest */ = {isa = PBXFileReference; explicitFileType = wrapper.cfbundle; includeInIndex = 0; path = MovieLibraryUITests.xctest; sourceTree = BUILT_PRODUCTS_DIR; };
		6619FD18260E5A3A009292A1 /* MovieLibraryUITests.swift */ = {isa = PBXFileReference; lastKnownFileType = sourcecode.swift; path = MovieLibraryUITests.swift; sourceTree = "<group>"; };
		6619FD1A260E5A3A009292A1 /* Info.plist */ = {isa = PBXFileReference; lastKnownFileType = text.plist.xml; path = Info.plist; sourceTree = "<group>"; };
		66F1AB35260FB90A00349E70 /* MoviesAPI.swift */ = {isa = PBXFileReference; lastKnownFileType = sourcecode.swift; path = MoviesAPI.swift; sourceTree = "<group>"; };
		7A4F64668708D201B346B300 /* Pods-MovieLibrary.debug.xcconfig */ = {isa = PBXFileReference; includeInIndex = 1; lastKnownFileType = text.xcconfig; name = "Pods-MovieLibrary.debug.xcconfig"; path = "Target Support Files/Pods-MovieLibrary/Pods-MovieLibrary.debug.xcconfig"; sourceTree = "<group>"; };
		7F2BC254B841DE494CE4D9F0 /* Pods_MovieLibrary.framework */ = {isa = PBXFileReference; explicitFileType = wrapper.framework; includeInIndex = 0; path = Pods_MovieLibrary.framework; sourceTree = BUILT_PRODUCTS_DIR; };
		A73B5B04C3E1AA19E35590E1 /* Pods-MovieLibraryTests.release.xcconfig */ = {isa = PBXFileReference; includeInIndex = 1; lastKnownFileType = text.xcconfig; name = "Pods-MovieLibraryTests.release.xcconfig"; path = "Target Support Files/Pods-MovieLibraryTests/Pods-MovieLibraryTests.release.xcconfig"; sourceTree = "<group>"; };
		A9D3EAC3820B737BAD8C6C4A /* Pods_MovieLibrary_MovieLibraryUITests.framework */ = {isa = PBXFileReference; explicitFileType = wrapper.framework; includeInIndex = 0; path = Pods_MovieLibrary_MovieLibraryUITests.framework; sourceTree = BUILT_PRODUCTS_DIR; };
		AB8788AE0D307BCDFA22E94C /* Pods_MovieLibraryTests.framework */ = {isa = PBXFileReference; explicitFileType = wrapper.framework; includeInIndex = 0; path = Pods_MovieLibraryTests.framework; sourceTree = BUILT_PRODUCTS_DIR; };
		D38FD424D78A3EF2FEF02130 /* Pods-MovieLibraryTests.debug.xcconfig */ = {isa = PBXFileReference; includeInIndex = 1; lastKnownFileType = text.xcconfig; name = "Pods-MovieLibraryTests.debug.xcconfig"; path = "Target Support Files/Pods-MovieLibraryTests/Pods-MovieLibraryTests.debug.xcconfig"; sourceTree = "<group>"; };
		F8A053EFB953F3416184CAEE /* Pods-MovieLibrary-MovieLibraryUITests.debug.xcconfig */ = {isa = PBXFileReference; includeInIndex = 1; lastKnownFileType = text.xcconfig; name = "Pods-MovieLibrary-MovieLibraryUITests.debug.xcconfig"; path = "Target Support Files/Pods-MovieLibrary-MovieLibraryUITests/Pods-MovieLibrary-MovieLibraryUITests.debug.xcconfig"; sourceTree = "<group>"; };
/* End PBXFileReference section */

/* Begin PBXFrameworksBuildPhase section */
		6619FCED260E5A36009292A1 /* Frameworks */ = {
			isa = PBXFrameworksBuildPhase;
			buildActionMask = 2147483647;
			files = (
				8DF2519F168EBEBECA55B16E /* Pods_MovieLibrary.framework in Frameworks */,
			);
			runOnlyForDeploymentPostprocessing = 0;
		};
		6619FD06260E5A3A009292A1 /* Frameworks */ = {
			isa = PBXFrameworksBuildPhase;
			buildActionMask = 2147483647;
			files = (
				CCF3F307615303BB70393D45 /* Pods_MovieLibraryTests.framework in Frameworks */,
			);
			runOnlyForDeploymentPostprocessing = 0;
		};
		6619FD11260E5A3A009292A1 /* Frameworks */ = {
			isa = PBXFrameworksBuildPhase;
			buildActionMask = 2147483647;
			files = (
				719BD9876CCD30482F1D0606 /* Pods_MovieLibrary_MovieLibraryUITests.framework in Frameworks */,
			);
			runOnlyForDeploymentPostprocessing = 0;
		};
/* End PBXFrameworksBuildPhase section */

/* Begin PBXGroup section */
		4D8FDF8ADF4A279172C339F7 /* Pods */ = {
			isa = PBXGroup;
			children = (
				7A4F64668708D201B346B300 /* Pods-MovieLibrary.debug.xcconfig */,
				4E4D5FDF619B36574B506F67 /* Pods-MovieLibrary.release.xcconfig */,
				F8A053EFB953F3416184CAEE /* Pods-MovieLibrary-MovieLibraryUITests.debug.xcconfig */,
				2379AB1C7A74AD9828AE0B43 /* Pods-MovieLibrary-MovieLibraryUITests.release.xcconfig */,
				D38FD424D78A3EF2FEF02130 /* Pods-MovieLibraryTests.debug.xcconfig */,
				A73B5B04C3E1AA19E35590E1 /* Pods-MovieLibraryTests.release.xcconfig */,
			);
			path = Pods;
			sourceTree = "<group>";
		};
		6619FCE7260E5A36009292A1 = {
			isa = PBXGroup;
			children = (
				6619FCF2260E5A36009292A1 /* MovieLibrary */,
				6619FD0C260E5A3A009292A1 /* MovieLibraryTests */,
				6619FD17260E5A3A009292A1 /* MovieLibraryUITests */,
				6619FCF1260E5A36009292A1 /* Products */,
				4D8FDF8ADF4A279172C339F7 /* Pods */,
				A120882FA48EF1B34E8B7137 /* Frameworks */,
			);
			sourceTree = "<group>";
		};
		6619FCF1260E5A36009292A1 /* Products */ = {
			isa = PBXGroup;
			children = (
				6619FCF0260E5A36009292A1 /* MovieLibrary.app */,
				6619FD09260E5A3A009292A1 /* MovieLibraryTests.xctest */,
				6619FD14260E5A3A009292A1 /* MovieLibraryUITests.xctest */,
			);
			name = Products;
			sourceTree = "<group>";
		};
		6619FCF2260E5A36009292A1 /* MovieLibrary */ = {
			isa = PBXGroup;
			children = (
				6619FD29260EB767009292A1 /* Model */,
				6619FD2A260EB772009292A1 /* View */,
				6619FD33260FB536009292A1 /* Controller */,
				6619FCF3260E5A36009292A1 /* AppDelegate.swift */,
				6619FCF5260E5A36009292A1 /* SceneDelegate.swift */,
				6619FCFF260E5A39009292A1 /* Assets.xcassets */,
				6619FD01260E5A39009292A1 /* LaunchScreen.storyboard */,
				6619FD04260E5A39009292A1 /* Info.plist */,
				6619FCFC260E5A36009292A1 /* MovieLibrary.xcdatamodeld */,
			);
			path = MovieLibrary;
			sourceTree = "<group>";
		};
		6619FD0C260E5A3A009292A1 /* MovieLibraryTests */ = {
			isa = PBXGroup;
			children = (
				6619FD0D260E5A3A009292A1 /* MovieLibraryTests.swift */,
				6619FD0F260E5A3A009292A1 /* Info.plist */,
			);
			path = MovieLibraryTests;
			sourceTree = "<group>";
		};
		6619FD17260E5A3A009292A1 /* MovieLibraryUITests */ = {
			isa = PBXGroup;
			children = (
				6619FD18260E5A3A009292A1 /* MovieLibraryUITests.swift */,
				6619FD1A260E5A3A009292A1 /* Info.plist */,
			);
			path = MovieLibraryUITests;
			sourceTree = "<group>";
		};
		6619FD29260EB767009292A1 /* Model */ = {
			isa = PBXGroup;
			children = (
				66F1AB35260FB90A00349E70 /* MoviesAPI.swift */,
			);
			path = Model;
			sourceTree = "<group>";
		};
		6619FD2A260EB772009292A1 /* View */ = {
			isa = PBXGroup;
			children = (
				6619FCF9260E5A36009292A1 /* Main.storyboard */,
			);
			path = View;
			sourceTree = "<group>";
		};
		6619FD33260FB536009292A1 /* Controller */ = {
			isa = PBXGroup;
			children = (
				6619FCF7260E5A36009292A1 /* ViewController.swift */,
			);
			path = Controller;
			sourceTree = "<group>";
		};
		A120882FA48EF1B34E8B7137 /* Frameworks */ = {
			isa = PBXGroup;
			children = (
				7F2BC254B841DE494CE4D9F0 /* Pods_MovieLibrary.framework */,
				A9D3EAC3820B737BAD8C6C4A /* Pods_MovieLibrary_MovieLibraryUITests.framework */,
				AB8788AE0D307BCDFA22E94C /* Pods_MovieLibraryTests.framework */,
			);
			name = Frameworks;
			sourceTree = "<group>";
		};
/* End PBXGroup section */

/* Begin PBXNativeTarget section */
		6619FCEF260E5A36009292A1 /* MovieLibrary */ = {
			isa = PBXNativeTarget;
			buildConfigurationList = 6619FD1D260E5A3A009292A1 /* Build configuration list for PBXNativeTarget "MovieLibrary" */;
			buildPhases = (
				BDA00B6B7CDF1F1B97EBC5B5 /* [CP] Check Pods Manifest.lock */,
				6619FCEC260E5A36009292A1 /* Sources */,
				6619FCED260E5A36009292A1 /* Frameworks */,
				6619FCEE260E5A36009292A1 /* Resources */,
				DE7BF739EFFD717756BB26DD /* [CP] Embed Pods Frameworks */,
			);
			buildRules = (
			);
			dependencies = (
			);
			name = MovieLibrary;
			productName = MovieLibrary;
			productReference = 6619FCF0260E5A36009292A1 /* MovieLibrary.app */;
			productType = "com.apple.product-type.application";
		};
		6619FD08260E5A3A009292A1 /* MovieLibraryTests */ = {
			isa = PBXNativeTarget;
			buildConfigurationList = 6619FD20260E5A3A009292A1 /* Build configuration list for PBXNativeTarget "MovieLibraryTests" */;
			buildPhases = (
				23A2EF974DC43258D55795B2 /* [CP] Check Pods Manifest.lock */,
				6619FD05260E5A3A009292A1 /* Sources */,
				6619FD06260E5A3A009292A1 /* Frameworks */,
				6619FD07260E5A3A009292A1 /* Resources */,
			);
			buildRules = (
			);
			dependencies = (
				6619FD0B260E5A3A009292A1 /* PBXTargetDependency */,
			);
			name = MovieLibraryTests;
			productName = MovieLibraryTests;
			productReference = 6619FD09260E5A3A009292A1 /* MovieLibraryTests.xctest */;
			productType = "com.apple.product-type.bundle.unit-test";
		};
		6619FD13260E5A3A009292A1 /* MovieLibraryUITests */ = {
			isa = PBXNativeTarget;
			buildConfigurationList = 6619FD23260E5A3A009292A1 /* Build configuration list for PBXNativeTarget "MovieLibraryUITests" */;
			buildPhases = (
				5913A374B572877FD1BCE79E /* [CP] Check Pods Manifest.lock */,
				6619FD10260E5A3A009292A1 /* Sources */,
				6619FD11260E5A3A009292A1 /* Frameworks */,
				6619FD12260E5A3A009292A1 /* Resources */,
				742C322F0CBCA44B46FFF507 /* [CP] Embed Pods Frameworks */,
			);
			buildRules = (
			);
			dependencies = (
				6619FD16260E5A3A009292A1 /* PBXTargetDependency */,
			);
			name = MovieLibraryUITests;
			productName = MovieLibraryUITests;
			productReference = 6619FD14260E5A3A009292A1 /* MovieLibraryUITests.xctest */;
			productType = "com.apple.product-type.bundle.ui-testing";
		};
/* End PBXNativeTarget section */

/* Begin PBXProject section */
		6619FCE8260E5A36009292A1 /* Project object */ = {
			isa = PBXProject;
			attributes = {
				LastSwiftUpdateCheck = 1240;
				LastUpgradeCheck = 1240;
				TargetAttributes = {
					6619FCEF260E5A36009292A1 = {
						CreatedOnToolsVersion = 12.4;
					};
					6619FD08260E5A3A009292A1 = {
						CreatedOnToolsVersion = 12.4;
						TestTargetID = 6619FCEF260E5A36009292A1;
					};
					6619FD13260E5A3A009292A1 = {
						CreatedOnToolsVersion = 12.4;
						TestTargetID = 6619FCEF260E5A36009292A1;
					};
				};
			};
			buildConfigurationList = 6619FCEB260E5A36009292A1 /* Build configuration list for PBXProject "MovieLibrary" */;
			compatibilityVersion = "Xcode 9.3";
			developmentRegion = en;
			hasScannedForEncodings = 0;
			knownRegions = (
				en,
				Base,
			);
			mainGroup = 6619FCE7260E5A36009292A1;
			productRefGroup = 6619FCF1260E5A36009292A1 /* Products */;
			projectDirPath = "";
			projectRoot = "";
			targets = (
				6619FCEF260E5A36009292A1 /* MovieLibrary */,
				6619FD08260E5A3A009292A1 /* MovieLibraryTests */,
				6619FD13260E5A3A009292A1 /* MovieLibraryUITests */,
			);
		};
/* End PBXProject section */

/* Begin PBXResourcesBuildPhase section */
		6619FCEE260E5A36009292A1 /* Resources */ = {
			isa = PBXResourcesBuildPhase;
			buildActionMask = 2147483647;
			files = (
				6619FD03260E5A39009292A1 /* LaunchScreen.storyboard in Resources */,
				6619FD00260E5A39009292A1 /* Assets.xcassets in Resources */,
				6619FCFB260E5A36009292A1 /* Main.storyboard in Resources */,
			);
			runOnlyForDeploymentPostprocessing = 0;
		};
		6619FD07260E5A3A009292A1 /* Resources */ = {
			isa = PBXResourcesBuildPhase;
			buildActionMask = 2147483647;
			files = (
			);
			runOnlyForDeploymentPostprocessing = 0;
		};
		6619FD12260E5A3A009292A1 /* Resources */ = {
			isa = PBXResourcesBuildPhase;
			buildActionMask = 2147483647;
			files = (
			);
			runOnlyForDeploymentPostprocessing = 0;
		};
/* End PBXResourcesBuildPhase section */

/* Begin PBXShellScriptBuildPhase section */
		23A2EF974DC43258D55795B2 /* [CP] Check Pods Manifest.lock */ = {
			isa = PBXShellScriptBuildPhase;
			buildActionMask = 2147483647;
			files = (
			);
			inputFileListPaths = (
			);
			inputPaths = (
				"${PODS_PODFILE_DIR_PATH}/Podfile.lock",
				"${PODS_ROOT}/Manifest.lock",
			);
			name = "[CP] Check Pods Manifest.lock";
			outputFileListPaths = (
			);
			outputPaths = (
				"$(DERIVED_FILE_DIR)/Pods-MovieLibraryTests-checkManifestLockResult.txt",
			);
			runOnlyForDeploymentPostprocessing = 0;
			shellPath = /bin/sh;
			shellScript = "diff \"${PODS_PODFILE_DIR_PATH}/Podfile.lock\" \"${PODS_ROOT}/Manifest.lock\" > /dev/null\nif [ $? != 0 ] ; then\n    # print error to STDERR\n    echo \"error: The sandbox is not in sync with the Podfile.lock. Run 'pod install' or update your CocoaPods installation.\" >&2\n    exit 1\nfi\n# This output is used by Xcode 'outputs' to avoid re-running this script phase.\necho \"SUCCESS\" > \"${SCRIPT_OUTPUT_FILE_0}\"\n";
			showEnvVarsInLog = 0;
		};
		5913A374B572877FD1BCE79E /* [CP] Check Pods Manifest.lock */ = {
			isa = PBXShellScriptBuildPhase;
			buildActionMask = 2147483647;
			files = (
			);
			inputFileListPaths = (
			);
			inputPaths = (
				"${PODS_PODFILE_DIR_PATH}/Podfile.lock",
				"${PODS_ROOT}/Manifest.lock",
			);
			name = "[CP] Check Pods Manifest.lock";
			outputFileListPaths = (
			);
			outputPaths = (
				"$(DERIVED_FILE_DIR)/Pods-MovieLibrary-MovieLibraryUITests-checkManifestLockResult.txt",
			);
			runOnlyForDeploymentPostprocessing = 0;
			shellPath = /bin/sh;
			shellScript = "diff \"${PODS_PODFILE_DIR_PATH}/Podfile.lock\" \"${PODS_ROOT}/Manifest.lock\" > /dev/null\nif [ $? != 0 ] ; then\n    # print error to STDERR\n    echo \"error: The sandbox is not in sync with the Podfile.lock. Run 'pod install' or update your CocoaPods installation.\" >&2\n    exit 1\nfi\n# This output is used by Xcode 'outputs' to avoid re-running this script phase.\necho \"SUCCESS\" > \"${SCRIPT_OUTPUT_FILE_0}\"\n";
			showEnvVarsInLog = 0;
		};
		742C322F0CBCA44B46FFF507 /* [CP] Embed Pods Frameworks */ = {
			isa = PBXShellScriptBuildPhase;
			buildActionMask = 2147483647;
			files = (
			);
			inputFileListPaths = (
				"${PODS_ROOT}/Target Support Files/Pods-MovieLibrary-MovieLibraryUITests/Pods-MovieLibrary-MovieLibraryUITests-frameworks-${CONFIGURATION}-input-files.xcfilelist",
			);
			name = "[CP] Embed Pods Frameworks";
			outputFileListPaths = (
				"${PODS_ROOT}/Target Support Files/Pods-MovieLibrary-MovieLibraryUITests/Pods-MovieLibrary-MovieLibraryUITests-frameworks-${CONFIGURATION}-output-files.xcfilelist",
			);
			runOnlyForDeploymentPostprocessing = 0;
			shellPath = /bin/sh;
			shellScript = "\"${PODS_ROOT}/Target Support Files/Pods-MovieLibrary-MovieLibraryUITests/Pods-MovieLibrary-MovieLibraryUITests-frameworks.sh\"\n";
			showEnvVarsInLog = 0;
		};
		BDA00B6B7CDF1F1B97EBC5B5 /* [CP] Check Pods Manifest.lock */ = {
			isa = PBXShellScriptBuildPhase;
			buildActionMask = 2147483647;
			files = (
			);
			inputFileListPaths = (
			);
			inputPaths = (
				"${PODS_PODFILE_DIR_PATH}/Podfile.lock",
				"${PODS_ROOT}/Manifest.lock",
			);
			name = "[CP] Check Pods Manifest.lock";
			outputFileListPaths = (
			);
			outputPaths = (
				"$(DERIVED_FILE_DIR)/Pods-MovieLibrary-checkManifestLockResult.txt",
			);
			runOnlyForDeploymentPostprocessing = 0;
			shellPath = /bin/sh;
			shellScript = "diff \"${PODS_PODFILE_DIR_PATH}/Podfile.lock\" \"${PODS_ROOT}/Manifest.lock\" > /dev/null\nif [ $? != 0 ] ; then\n    # print error to STDERR\n    echo \"error: The sandbox is not in sync with the Podfile.lock. Run 'pod install' or update your CocoaPods installation.\" >&2\n    exit 1\nfi\n# This output is used by Xcode 'outputs' to avoid re-running this script phase.\necho \"SUCCESS\" > \"${SCRIPT_OUTPUT_FILE_0}\"\n";
			showEnvVarsInLog = 0;
		};
		DE7BF739EFFD717756BB26DD /* [CP] Embed Pods Frameworks */ = {
			isa = PBXShellScriptBuildPhase;
			buildActionMask = 2147483647;
			files = (
			);
			inputFileListPaths = (
				"${PODS_ROOT}/Target Support Files/Pods-MovieLibrary/Pods-MovieLibrary-frameworks-${CONFIGURATION}-input-files.xcfilelist",
			);
			name = "[CP] Embed Pods Frameworks";
			outputFileListPaths = (
				"${PODS_ROOT}/Target Support Files/Pods-MovieLibrary/Pods-MovieLibrary-frameworks-${CONFIGURATION}-output-files.xcfilelist",
			);
			runOnlyForDeploymentPostprocessing = 0;
			shellPath = /bin/sh;
			shellScript = "\"${PODS_ROOT}/Target Support Files/Pods-MovieLibrary/Pods-MovieLibrary-frameworks.sh\"\n";
			showEnvVarsInLog = 0;
		};
/* End PBXShellScriptBuildPhase section */

/* Begin PBXSourcesBuildPhase section */
		6619FCEC260E5A36009292A1 /* Sources */ = {
			isa = PBXSourcesBuildPhase;
			buildActionMask = 2147483647;
			files = (
				6619FCF8260E5A36009292A1 /* ViewController.swift in Sources */,
				66F1AB36260FB90A00349E70 /* MoviesAPI.swift in Sources */,
				6619FCF4260E5A36009292A1 /* AppDelegate.swift in Sources */,
				6619FCFE260E5A36009292A1 /* MovieLibrary.xcdatamodeld in Sources */,
				6619FCF6260E5A36009292A1 /* SceneDelegate.swift in Sources */,
			);
			runOnlyForDeploymentPostprocessing = 0;
		};
		6619FD05260E5A3A009292A1 /* Sources */ = {
			isa = PBXSourcesBuildPhase;
			buildActionMask = 2147483647;
			files = (
				6619FD0E260E5A3A009292A1 /* MovieLibraryTests.swift in Sources */,
			);
			runOnlyForDeploymentPostprocessing = 0;
		};
		6619FD10260E5A3A009292A1 /* Sources */ = {
			isa = PBXSourcesBuildPhase;
			buildActionMask = 2147483647;
			files = (
				6619FD19260E5A3A009292A1 /* MovieLibraryUITests.swift in Sources */,
			);
			runOnlyForDeploymentPostprocessing = 0;
		};
/* End PBXSourcesBuildPhase section */

/* Begin PBXTargetDependency section */
		6619FD0B260E5A3A009292A1 /* PBXTargetDependency */ = {
			isa = PBXTargetDependency;
			target = 6619FCEF260E5A36009292A1 /* MovieLibrary */;
			targetProxy = 6619FD0A260E5A3A009292A1 /* PBXContainerItemProxy */;
		};
		6619FD16260E5A3A009292A1 /* PBXTargetDependency */ = {
			isa = PBXTargetDependency;
			target = 6619FCEF260E5A36009292A1 /* MovieLibrary */;
			targetProxy = 6619FD15260E5A3A009292A1 /* PBXContainerItemProxy */;
		};
/* End PBXTargetDependency section */

/* Begin PBXVariantGroup section */
		6619FCF9260E5A36009292A1 /* Main.storyboard */ = {
			isa = PBXVariantGroup;
			children = (
				6619FCFA260E5A36009292A1 /* Base */,
			);
			name = Main.storyboard;
			sourceTree = "<group>";
		};
		6619FD01260E5A39009292A1 /* LaunchScreen.storyboard */ = {
			isa = PBXVariantGroup;
			children = (
				6619FD02260E5A39009292A1 /* Base */,
			);
			name = LaunchScreen.storyboard;
			sourceTree = "<group>";
		};
/* End PBXVariantGroup section */

/* Begin XCBuildConfiguration section */
		6619FD1B260E5A3A009292A1 /* Debug */ = {
			isa = XCBuildConfiguration;
			buildSettings = {
				ALWAYS_SEARCH_USER_PATHS = NO;
				CLANG_ANALYZER_NONNULL = YES;
				CLANG_ANALYZER_NUMBER_OBJECT_CONVERSION = YES_AGGRESSIVE;
				CLANG_CXX_LANGUAGE_STANDARD = "gnu++14";
				CLANG_CXX_LIBRARY = "libc++";
				CLANG_ENABLE_MODULES = YES;
				CLANG_ENABLE_OBJC_ARC = YES;
				CLANG_ENABLE_OBJC_WEAK = YES;
				CLANG_WARN_BLOCK_CAPTURE_AUTORELEASING = YES;
				CLANG_WARN_BOOL_CONVERSION = YES;
				CLANG_WARN_COMMA = YES;
				CLANG_WARN_CONSTANT_CONVERSION = YES;
				CLANG_WARN_DEPRECATED_OBJC_IMPLEMENTATIONS = YES;
				CLANG_WARN_DIRECT_OBJC_ISA_USAGE = YES_ERROR;
				CLANG_WARN_DOCUMENTATION_COMMENTS = YES;
				CLANG_WARN_EMPTY_BODY = YES;
				CLANG_WARN_ENUM_CONVERSION = YES;
				CLANG_WARN_INFINITE_RECURSION = YES;
				CLANG_WARN_INT_CONVERSION = YES;
				CLANG_WARN_NON_LITERAL_NULL_CONVERSION = YES;
				CLANG_WARN_OBJC_IMPLICIT_RETAIN_SELF = YES;
				CLANG_WARN_OBJC_LITERAL_CONVERSION = YES;
				CLANG_WARN_OBJC_ROOT_CLASS = YES_ERROR;
				CLANG_WARN_QUOTED_INCLUDE_IN_FRAMEWORK_HEADER = YES;
				CLANG_WARN_RANGE_LOOP_ANALYSIS = YES;
				CLANG_WARN_STRICT_PROTOTYPES = YES;
				CLANG_WARN_SUSPICIOUS_MOVE = YES;
				CLANG_WARN_UNGUARDED_AVAILABILITY = YES_AGGRESSIVE;
				CLANG_WARN_UNREACHABLE_CODE = YES;
				CLANG_WARN__DUPLICATE_METHOD_MATCH = YES;
				COPY_PHASE_STRIP = NO;
				DEBUG_INFORMATION_FORMAT = dwarf;
				ENABLE_STRICT_OBJC_MSGSEND = YES;
				ENABLE_TESTABILITY = YES;
				GCC_C_LANGUAGE_STANDARD = gnu11;
				GCC_DYNAMIC_NO_PIC = NO;
				GCC_NO_COMMON_BLOCKS = YES;
				GCC_OPTIMIZATION_LEVEL = 0;
				GCC_PREPROCESSOR_DEFINITIONS = (
					"DEBUG=1",
					"$(inherited)",
				);
				GCC_WARN_64_TO_32_BIT_CONVERSION = YES;
				GCC_WARN_ABOUT_RETURN_TYPE = YES_ERROR;
				GCC_WARN_UNDECLARED_SELECTOR = YES;
				GCC_WARN_UNINITIALIZED_AUTOS = YES_AGGRESSIVE;
				GCC_WARN_UNUSED_FUNCTION = YES;
				GCC_WARN_UNUSED_VARIABLE = YES;
				IPHONEOS_DEPLOYMENT_TARGET = 14.4;
				MTL_ENABLE_DEBUG_INFO = INCLUDE_SOURCE;
				MTL_FAST_MATH = YES;
				ONLY_ACTIVE_ARCH = YES;
				SDKROOT = iphoneos;
				SWIFT_ACTIVE_COMPILATION_CONDITIONS = DEBUG;
				SWIFT_OPTIMIZATION_LEVEL = "-Onone";
			};
			name = Debug;
		};
		6619FD1C260E5A3A009292A1 /* Release */ = {
			isa = XCBuildConfiguration;
			buildSettings = {
				ALWAYS_SEARCH_USER_PATHS = NO;
				CLANG_ANALYZER_NONNULL = YES;
				CLANG_ANALYZER_NUMBER_OBJECT_CONVERSION = YES_AGGRESSIVE;
				CLANG_CXX_LANGUAGE_STANDARD = "gnu++14";
				CLANG_CXX_LIBRARY = "libc++";
				CLANG_ENABLE_MODULES = YES;
				CLANG_ENABLE_OBJC_ARC = YES;
				CLANG_ENABLE_OBJC_WEAK = YES;
				CLANG_WARN_BLOCK_CAPTURE_AUTORELEASING = YES;
				CLANG_WARN_BOOL_CONVERSION = YES;
				CLANG_WARN_COMMA = YES;
				CLANG_WARN_CONSTANT_CONVERSION = YES;
				CLANG_WARN_DEPRECATED_OBJC_IMPLEMENTATIONS = YES;
				CLANG_WARN_DIRECT_OBJC_ISA_USAGE = YES_ERROR;
				CLANG_WARN_DOCUMENTATION_COMMENTS = YES;
				CLANG_WARN_EMPTY_BODY = YES;
				CLANG_WARN_ENUM_CONVERSION = YES;
				CLANG_WARN_INFINITE_RECURSION = YES;
				CLANG_WARN_INT_CONVERSION = YES;
				CLANG_WARN_NON_LITERAL_NULL_CONVERSION = YES;
				CLANG_WARN_OBJC_IMPLICIT_RETAIN_SELF = YES;
				CLANG_WARN_OBJC_LITERAL_CONVERSION = YES;
				CLANG_WARN_OBJC_ROOT_CLASS = YES_ERROR;
				CLANG_WARN_QUOTED_INCLUDE_IN_FRAMEWORK_HEADER = YES;
				CLANG_WARN_RANGE_LOOP_ANALYSIS = YES;
				CLANG_WARN_STRICT_PROTOTYPES = YES;
				CLANG_WARN_SUSPICIOUS_MOVE = YES;
				CLANG_WARN_UNGUARDED_AVAILABILITY = YES_AGGRESSIVE;
				CLANG_WARN_UNREACHABLE_CODE = YES;
				CLANG_WARN__DUPLICATE_METHOD_MATCH = YES;
				COPY_PHASE_STRIP = NO;
				DEBUG_INFORMATION_FORMAT = "dwarf-with-dsym";
				ENABLE_NS_ASSERTIONS = NO;
				ENABLE_STRICT_OBJC_MSGSEND = YES;
				GCC_C_LANGUAGE_STANDARD = gnu11;
				GCC_NO_COMMON_BLOCKS = YES;
				GCC_WARN_64_TO_32_BIT_CONVERSION = YES;
				GCC_WARN_ABOUT_RETURN_TYPE = YES_ERROR;
				GCC_WARN_UNDECLARED_SELECTOR = YES;
				GCC_WARN_UNINITIALIZED_AUTOS = YES_AGGRESSIVE;
				GCC_WARN_UNUSED_FUNCTION = YES;
				GCC_WARN_UNUSED_VARIABLE = YES;
				IPHONEOS_DEPLOYMENT_TARGET = 14.4;
				MTL_ENABLE_DEBUG_INFO = NO;
				MTL_FAST_MATH = YES;
				SDKROOT = iphoneos;
				SWIFT_COMPILATION_MODE = wholemodule;
				SWIFT_OPTIMIZATION_LEVEL = "-O";
				VALIDATE_PRODUCT = YES;
			};
			name = Release;
		};
		6619FD1E260E5A3A009292A1 /* Debug */ = {
			isa = XCBuildConfiguration;
			baseConfigurationReference = 7A4F64668708D201B346B300 /* Pods-MovieLibrary.debug.xcconfig */;
			buildSettings = {
				ASSETCATALOG_COMPILER_APPICON_NAME = AppIcon;
				ASSETCATALOG_COMPILER_GLOBAL_ACCENT_COLOR_NAME = AccentColor;
				CODE_SIGN_STYLE = Automatic;
				DEVELOPMENT_TEAM = 2F4556C25L;
				INFOPLIST_FILE = MovieLibrary/Info.plist;
				LD_RUNPATH_SEARCH_PATHS = (
					"$(inherited)",
					"@executable_path/Frameworks",
				);
				PRODUCT_BUNDLE_IDENTIFIER = com.br.everis.MovieLibrary;
				PRODUCT_NAME = "$(TARGET_NAME)";
				SWIFT_VERSION = 5.0;
				TARGETED_DEVICE_FAMILY = "1,2";
			};
			name = Debug;
		};
		6619FD1F260E5A3A009292A1 /* Release */ = {
			isa = XCBuildConfiguration;
			baseConfigurationReference = 4E4D5FDF619B36574B506F67 /* Pods-MovieLibrary.release.xcconfig */;
			buildSettings = {
				ASSETCATALOG_COMPILER_APPICON_NAME = AppIcon;
				ASSETCATALOG_COMPILER_GLOBAL_ACCENT_COLOR_NAME = AccentColor;
				CODE_SIGN_STYLE = Automatic;
				DEVELOPMENT_TEAM = 2F4556C25L;
				INFOPLIST_FILE = MovieLibrary/Info.plist;
				LD_RUNPATH_SEARCH_PATHS = (
					"$(inherited)",
					"@executable_path/Frameworks",
				);
				PRODUCT_BUNDLE_IDENTIFIER = com.br.everis.MovieLibrary;
				PRODUCT_NAME = "$(TARGET_NAME)";
				SWIFT_VERSION = 5.0;
				TARGETED_DEVICE_FAMILY = "1,2";
			};
			name = Release;
		};
		6619FD21260E5A3A009292A1 /* Debug */ = {
			isa = XCBuildConfiguration;
			baseConfigurationReference = D38FD424D78A3EF2FEF02130 /* Pods-MovieLibraryTests.debug.xcconfig */;
			buildSettings = {
				ALWAYS_EMBED_SWIFT_STANDARD_LIBRARIES = YES;
				BUNDLE_LOADER = "$(TEST_HOST)";
				CODE_SIGN_STYLE = Automatic;
				DEVELOPMENT_TEAM = 2F4556C25L;
				INFOPLIST_FILE = MovieLibraryTests/Info.plist;
				IPHONEOS_DEPLOYMENT_TARGET = 14.4;
				LD_RUNPATH_SEARCH_PATHS = (
					"$(inherited)",
					"@executable_path/Frameworks",
					"@loader_path/Frameworks",
				);
				PRODUCT_BUNDLE_IDENTIFIER = com.br.everis.MovieLibraryTests;
				PRODUCT_NAME = "$(TARGET_NAME)";
				SWIFT_VERSION = 5.0;
				TARGETED_DEVICE_FAMILY = "1,2";
				TEST_HOST = "$(BUILT_PRODUCTS_DIR)/MovieLibrary.app/MovieLibrary";
			};
			name = Debug;
		};
		6619FD22260E5A3A009292A1 /* Release */ = {
			isa = XCBuildConfiguration;
			baseConfigurationReference = A73B5B04C3E1AA19E35590E1 /* Pods-MovieLibraryTests.release.xcconfig */;
			buildSettings = {
				ALWAYS_EMBED_SWIFT_STANDARD_LIBRARIES = YES;
				BUNDLE_LOADER = "$(TEST_HOST)";
				CODE_SIGN_STYLE = Automatic;
				DEVELOPMENT_TEAM = 2F4556C25L;
				INFOPLIST_FILE = MovieLibraryTests/Info.plist;
				IPHONEOS_DEPLOYMENT_TARGET = 14.4;
				LD_RUNPATH_SEARCH_PATHS = (
					"$(inherited)",
					"@executable_path/Frameworks",
					"@loader_path/Frameworks",
				);
				PRODUCT_BUNDLE_IDENTIFIER = com.br.everis.MovieLibraryTests;
				PRODUCT_NAME = "$(TARGET_NAME)";
				SWIFT_VERSION = 5.0;
				TARGETED_DEVICE_FAMILY = "1,2";
				TEST_HOST = "$(BUILT_PRODUCTS_DIR)/MovieLibrary.app/MovieLibrary";
			};
			name = Release;
		};
		6619FD24260E5A3A009292A1 /* Debug */ = {
			isa = XCBuildConfiguration;
			baseConfigurationReference = F8A053EFB953F3416184CAEE /* Pods-MovieLibrary-MovieLibraryUITests.debug.xcconfig */;
			buildSettings = {
				ALWAYS_EMBED_SWIFT_STANDARD_LIBRARIES = YES;
				CODE_SIGN_STYLE = Automatic;
				DEVELOPMENT_TEAM = 2F4556C25L;
				INFOPLIST_FILE = MovieLibraryUITests/Info.plist;
				LD_RUNPATH_SEARCH_PATHS = (
					"$(inherited)",
					"@executable_path/Frameworks",
					"@loader_path/Frameworks",
				);
				PRODUCT_BUNDLE_IDENTIFIER = com.br.everis.MovieLibraryUITests;
				PRODUCT_NAME = "$(TARGET_NAME)";
				SWIFT_VERSION = 5.0;
				TARGETED_DEVICE_FAMILY = "1,2";
				TEST_TARGET_NAME = MovieLibrary;
			};
			name = Debug;
		};
		6619FD25260E5A3A009292A1 /* Release */ = {
			isa = XCBuildConfiguration;
			baseConfigurationReference = 2379AB1C7A74AD9828AE0B43 /* Pods-MovieLibrary-MovieLibraryUITests.release.xcconfig */;
			buildSettings = {
				ALWAYS_EMBED_SWIFT_STANDARD_LIBRARIES = YES;
				CODE_SIGN_STYLE = Automatic;
				DEVELOPMENT_TEAM = 2F4556C25L;
				INFOPLIST_FILE = MovieLibraryUITests/Info.plist;
				LD_RUNPATH_SEARCH_PATHS = (
					"$(inherited)",
					"@executable_path/Frameworks",
					"@loader_path/Frameworks",
				);
				PRODUCT_BUNDLE_IDENTIFIER = com.br.everis.MovieLibraryUITests;
				PRODUCT_NAME = "$(TARGET_NAME)";
				SWIFT_VERSION = 5.0;
				TARGETED_DEVICE_FAMILY = "1,2";
				TEST_TARGET_NAME = MovieLibrary;
			};
			name = Release;
		};
/* End XCBuildConfiguration section */

/* Begin XCConfigurationList section */
		6619FCEB260E5A36009292A1 /* Build configuration list for PBXProject "MovieLibrary" */ = {
			isa = XCConfigurationList;
			buildConfigurations = (
				6619FD1B260E5A3A009292A1 /* Debug */,
				6619FD1C260E5A3A009292A1 /* Release */,
			);
			defaultConfigurationIsVisible = 0;
			defaultConfigurationName = Release;
		};
		6619FD1D260E5A3A009292A1 /* Build configuration list for PBXNativeTarget "MovieLibrary" */ = {
			isa = XCConfigurationList;
			buildConfigurations = (
				6619FD1E260E5A3A009292A1 /* Debug */,
				6619FD1F260E5A3A009292A1 /* Release */,
			);
			defaultConfigurationIsVisible = 0;
			defaultConfigurationName = Release;
		};
		6619FD20260E5A3A009292A1 /* Build configuration list for PBXNativeTarget "MovieLibraryTests" */ = {
			isa = XCConfigurationList;
			buildConfigurations = (
				6619FD21260E5A3A009292A1 /* Debug */,
				6619FD22260E5A3A009292A1 /* Release */,
			);
			defaultConfigurationIsVisible = 0;
			defaultConfigurationName = Release;
		};
		6619FD23260E5A3A009292A1 /* Build configuration list for PBXNativeTarget "MovieLibraryUITests" */ = {
			isa = XCConfigurationList;
			buildConfigurations = (
				6619FD24260E5A3A009292A1 /* Debug */,
				6619FD25260E5A3A009292A1 /* Release */,
			);
			defaultConfigurationIsVisible = 0;
			defaultConfigurationName = Release;
		};
/* End XCConfigurationList section */

/* Begin XCVersionGroup section */
		6619FCFC260E5A36009292A1 /* MovieLibrary.xcdatamodeld */ = {
			isa = XCVersionGroup;
			children = (
				6619FCFD260E5A36009292A1 /* MovieLibrary.xcdatamodel */,
			);
			currentVersion = 6619FCFD260E5A36009292A1 /* MovieLibrary.xcdatamodel */;
			path = MovieLibrary.xcdatamodeld;
			sourceTree = "<group>";
			versionGroupType = wrapper.xcdatamodel;
		};
/* End XCVersionGroup section */
	};
	rootObject = 6619FCE8260E5A36009292A1 /* Project object */;
}
