// !$*UTF8*$!
{
	archiveVersion = 1;
	classes = {
	};
	objectVersion = 50;
	objects = {

/* Begin PBXBuildFile section */
		6619FCB2260E49F9009292A1 /* AppDelegate.swift in Sources */ = {isa = PBXBuildFile; fileRef = 6619FCB1260E49F9009292A1 /* AppDelegate.swift */; };
		6619FCB4260E49F9009292A1 /* SceneDelegate.swift in Sources */ = {isa = PBXBuildFile; fileRef = 6619FCB3260E49F9009292A1 /* SceneDelegate.swift */; };
		6619FCB6260E49F9009292A1 /* ViewController.swift in Sources */ = {isa = PBXBuildFile; fileRef = 6619FCB5260E49F9009292A1 /* ViewController.swift */; };
		6619FCB9260E49F9009292A1 /* Main.storyboard in Resources */ = {isa = PBXBuildFile; fileRef = 6619FCB7260E49F9009292A1 /* Main.storyboard */; };
		6619FCBC260E49F9009292A1 /* movie_library_everis.xcdatamodeld in Sources */ = {isa = PBXBuildFile; fileRef = 6619FCBA260E49F9009292A1 /* movie_library_everis.xcdatamodeld */; };
		6619FCBE260E49FC009292A1 /* Assets.xcassets in Resources */ = {isa = PBXBuildFile; fileRef = 6619FCBD260E49FC009292A1 /* Assets.xcassets */; };
		6619FCC1260E49FC009292A1 /* LaunchScreen.storyboard in Resources */ = {isa = PBXBuildFile; fileRef = 6619FCBF260E49FC009292A1 /* LaunchScreen.storyboard */; };
		6619FCCC260E49FD009292A1 /* movie_library_everisTests.swift in Sources */ = {isa = PBXBuildFile; fileRef = 6619FCCB260E49FD009292A1 /* movie_library_everisTests.swift */; };
		6619FCD7260E49FD009292A1 /* movie_library_everisUITests.swift in Sources */ = {isa = PBXBuildFile; fileRef = 6619FCD6260E49FD009292A1 /* movie_library_everisUITests.swift */; };
/* End PBXBuildFile section */

/* Begin PBXContainerItemProxy section */
		6619FCC8260E49FD009292A1 /* PBXContainerItemProxy */ = {
			isa = PBXContainerItemProxy;
			containerPortal = 6619FCA6260E49F9009292A1 /* Project object */;
			proxyType = 1;
			remoteGlobalIDString = 6619FCAD260E49F9009292A1;
			remoteInfo = "movie-library-everis";
		};
		6619FCD3260E49FD009292A1 /* PBXContainerItemProxy */ = {
			isa = PBXContainerItemProxy;
			containerPortal = 6619FCA6260E49F9009292A1 /* Project object */;
			proxyType = 1;
			remoteGlobalIDString = 6619FCAD260E49F9009292A1;
			remoteInfo = "movie-library-everis";
		};
/* End PBXContainerItemProxy section */

/* Begin PBXFileReference section */
		6619FCAE260E49F9009292A1 /* movie-library-everis.app */ = {isa = PBXFileReference; explicitFileType = wrapper.application; includeInIndex = 0; path = "movie-library-everis.app"; sourceTree = BUILT_PRODUCTS_DIR; };
		6619FCB1260E49F9009292A1 /* AppDelegate.swift */ = {isa = PBXFileReference; lastKnownFileType = sourcecode.swift; path = AppDelegate.swift; sourceTree = "<group>"; };
		6619FCB3260E49F9009292A1 /* SceneDelegate.swift */ = {isa = PBXFileReference; lastKnownFileType = sourcecode.swift; path = SceneDelegate.swift; sourceTree = "<group>"; };
		6619FCB5260E49F9009292A1 /* ViewController.swift */ = {isa = PBXFileReference; lastKnownFileType = sourcecode.swift; path = ViewController.swift; sourceTree = "<group>"; };
		6619FCB8260E49F9009292A1 /* Base */ = {isa = PBXFileReference; lastKnownFileType = file.storyboard; name = Base; path = Base.lproj/Main.storyboard; sourceTree = "<group>"; };
		6619FCBB260E49F9009292A1 /* movie_library_everis.xcdatamodel */ = {isa = PBXFileReference; lastKnownFileType = wrapper.xcdatamodel; path = movie_library_everis.xcdatamodel; sourceTree = "<group>"; };
		6619FCBD260E49FC009292A1 /* Assets.xcassets */ = {isa = PBXFileReference; lastKnownFileType = folder.assetcatalog; path = Assets.xcassets; sourceTree = "<group>"; };
		6619FCC0260E49FC009292A1 /* Base */ = {isa = PBXFileReference; lastKnownFileType = file.storyboard; name = Base; path = Base.lproj/LaunchScreen.storyboard; sourceTree = "<group>"; };
		6619FCC2260E49FC009292A1 /* Info.plist */ = {isa = PBXFileReference; lastKnownFileType = text.plist.xml; path = Info.plist; sourceTree = "<group>"; };
		6619FCC7260E49FD009292A1 /* movie-library-everisTests.xctest */ = {isa = PBXFileReference; explicitFileType = wrapper.cfbundle; includeInIndex = 0; path = "movie-library-everisTests.xctest"; sourceTree = BUILT_PRODUCTS_DIR; };
		6619FCCB260E49FD009292A1 /* movie_library_everisTests.swift */ = {isa = PBXFileReference; lastKnownFileType = sourcecode.swift; path = movie_library_everisTests.swift; sourceTree = "<group>"; };
		6619FCCD260E49FD009292A1 /* Info.plist */ = {isa = PBXFileReference; lastKnownFileType = text.plist.xml; path = Info.plist; sourceTree = "<group>"; };
		6619FCD2260E49FD009292A1 /* movie-library-everisUITests.xctest */ = {isa = PBXFileReference; explicitFileType = wrapper.cfbundle; includeInIndex = 0; path = "movie-library-everisUITests.xctest"; sourceTree = BUILT_PRODUCTS_DIR; };
		6619FCD6260E49FD009292A1 /* movie_library_everisUITests.swift */ = {isa = PBXFileReference; lastKnownFileType = sourcecode.swift; path = movie_library_everisUITests.swift; sourceTree = "<group>"; };
		6619FCD8260E49FD009292A1 /* Info.plist */ = {isa = PBXFileReference; lastKnownFileType = text.plist.xml; path = Info.plist; sourceTree = "<group>"; };
/* End PBXFileReference section */

/* Begin PBXFrameworksBuildPhase section */
		6619FCAB260E49F9009292A1 /* Frameworks */ = {
			isa = PBXFrameworksBuildPhase;
			buildActionMask = 2147483647;
			files = (
			);
			runOnlyForDeploymentPostprocessing = 0;
		};
		6619FCC4260E49FD009292A1 /* Frameworks */ = {
			isa = PBXFrameworksBuildPhase;
			buildActionMask = 2147483647;
			files = (
			);
			runOnlyForDeploymentPostprocessing = 0;
		};
		6619FCCF260E49FD009292A1 /* Frameworks */ = {
			isa = PBXFrameworksBuildPhase;
			buildActionMask = 2147483647;
			files = (
			);
			runOnlyForDeploymentPostprocessing = 0;
		};
/* End PBXFrameworksBuildPhase section */

/* Begin PBXGroup section */
		6619FCA5260E49F9009292A1 = {
			isa = PBXGroup;
			children = (
				6619FCB0260E49F9009292A1 /* movie-library-everis */,
				6619FCCA260E49FD009292A1 /* movie-library-everisTests */,
				6619FCD5260E49FD009292A1 /* movie-library-everisUITests */,
				6619FCAF260E49F9009292A1 /* Products */,
			);
			sourceTree = "<group>";
		};
		6619FCAF260E49F9009292A1 /* Products */ = {
			isa = PBXGroup;
			children = (
				6619FCAE260E49F9009292A1 /* movie-library-everis.app */,
				6619FCC7260E49FD009292A1 /* movie-library-everisTests.xctest */,
				6619FCD2260E49FD009292A1 /* movie-library-everisUITests.xctest */,
			);
			name = Products;
			sourceTree = "<group>";
		};
		6619FCB0260E49F9009292A1 /* movie-library-everis */ = {
			isa = PBXGroup;
			children = (
				6619FCB1260E49F9009292A1 /* AppDelegate.swift */,
				6619FCB3260E49F9009292A1 /* SceneDelegate.swift */,
				6619FCB5260E49F9009292A1 /* ViewController.swift */,
				6619FCB7260E49F9009292A1 /* Main.storyboard */,
				6619FCBD260E49FC009292A1 /* Assets.xcassets */,
				6619FCBF260E49FC009292A1 /* LaunchScreen.storyboard */,
				6619FCC2260E49FC009292A1 /* Info.plist */,
				6619FCBA260E49F9009292A1 /* movie_library_everis.xcdatamodeld */,
			);
			path = "movie-library-everis";
			sourceTree = "<group>";
		};
		6619FCCA260E49FD009292A1 /* movie-library-everisTests */ = {
			isa = PBXGroup;
			children = (
				6619FCCB260E49FD009292A1 /* movie_library_everisTests.swift */,
				6619FCCD260E49FD009292A1 /* Info.plist */,
			);
			path = "movie-library-everisTests";
			sourceTree = "<group>";
		};
		6619FCD5260E49FD009292A1 /* movie-library-everisUITests */ = {
			isa = PBXGroup;
			children = (
				6619FCD6260E49FD009292A1 /* movie_library_everisUITests.swift */,
				6619FCD8260E49FD009292A1 /* Info.plist */,
			);
			path = "movie-library-everisUITests";
			sourceTree = "<group>";
		};
/* End PBXGroup section */

/* Begin PBXNativeTarget section */
		6619FCAD260E49F9009292A1 /* movie-library-everis */ = {
			isa = PBXNativeTarget;
			buildConfigurationList = 6619FCDB260E49FD009292A1 /* Build configuration list for PBXNativeTarget "movie-library-everis" */;
			buildPhases = (
				6619FCAA260E49F9009292A1 /* Sources */,
				6619FCAB260E49F9009292A1 /* Frameworks */,
				6619FCAC260E49F9009292A1 /* Resources */,
			);
			buildRules = (
			);
			dependencies = (
			);
			name = "movie-library-everis";
			productName = "movie-library-everis";
			productReference = 6619FCAE260E49F9009292A1 /* movie-library-everis.app */;
			productType = "com.apple.product-type.application";
		};
		6619FCC6260E49FD009292A1 /* movie-library-everisTests */ = {
			isa = PBXNativeTarget;
			buildConfigurationList = 6619FCDE260E49FD009292A1 /* Build configuration list for PBXNativeTarget "movie-library-everisTests" */;
			buildPhases = (
				6619FCC3260E49FD009292A1 /* Sources */,
				6619FCC4260E49FD009292A1 /* Frameworks */,
				6619FCC5260E49FD009292A1 /* Resources */,
			);
			buildRules = (
			);
			dependencies = (
				6619FCC9260E49FD009292A1 /* PBXTargetDependency */,
			);
			name = "movie-library-everisTests";
			productName = "movie-library-everisTests";
			productReference = 6619FCC7260E49FD009292A1 /* movie-library-everisTests.xctest */;
			productType = "com.apple.product-type.bundle.unit-test";
		};
		6619FCD1260E49FD009292A1 /* movie-library-everisUITests */ = {
			isa = PBXNativeTarget;
			buildConfigurationList = 6619FCE1260E49FD009292A1 /* Build configuration list for PBXNativeTarget "movie-library-everisUITests" */;
			buildPhases = (
				6619FCCE260E49FD009292A1 /* Sources */,
				6619FCCF260E49FD009292A1 /* Frameworks */,
				6619FCD0260E49FD009292A1 /* Resources */,
			);
			buildRules = (
			);
			dependencies = (
				6619FCD4260E49FD009292A1 /* PBXTargetDependency */,
			);
			name = "movie-library-everisUITests";
			productName = "movie-library-everisUITests";
			productReference = 6619FCD2260E49FD009292A1 /* movie-library-everisUITests.xctest */;
			productType = "com.apple.product-type.bundle.ui-testing";
		};
/* End PBXNativeTarget section */

/* Begin PBXProject section */
		6619FCA6260E49F9009292A1 /* Project object */ = {
			isa = PBXProject;
			attributes = {
				LastSwiftUpdateCheck = 1240;
				LastUpgradeCheck = 1240;
				TargetAttributes = {
					6619FCAD260E49F9009292A1 = {
						CreatedOnToolsVersion = 12.4;
					};
					6619FCC6260E49FD009292A1 = {
						CreatedOnToolsVersion = 12.4;
						TestTargetID = 6619FCAD260E49F9009292A1;
					};
					6619FCD1260E49FD009292A1 = {
						CreatedOnToolsVersion = 12.4;
						TestTargetID = 6619FCAD260E49F9009292A1;
					};
				};
			};
			buildConfigurationList = 6619FCA9260E49F9009292A1 /* Build configuration list for PBXProject "movie-library-everis" */;
			compatibilityVersion = "Xcode 9.3";
			developmentRegion = en;
			hasScannedForEncodings = 0;
			knownRegions = (
				en,
				Base,
			);
			mainGroup = 6619FCA5260E49F9009292A1;
			productRefGroup = 6619FCAF260E49F9009292A1 /* Products */;
			projectDirPath = "";
			projectRoot = "";
			targets = (
				6619FCAD260E49F9009292A1 /* movie-library-everis */,
				6619FCC6260E49FD009292A1 /* movie-library-everisTests */,
				6619FCD1260E49FD009292A1 /* movie-library-everisUITests */,
			);
		};
/* End PBXProject section */

/* Begin PBXResourcesBuildPhase section */
		6619FCAC260E49F9009292A1 /* Resources */ = {
			isa = PBXResourcesBuildPhase;
			buildActionMask = 2147483647;
			files = (
				6619FCC1260E49FC009292A1 /* LaunchScreen.storyboard in Resources */,
				6619FCBE260E49FC009292A1 /* Assets.xcassets in Resources */,
				6619FCB9260E49F9009292A1 /* Main.storyboard in Resources */,
			);
			runOnlyForDeploymentPostprocessing = 0;
		};
		6619FCC5260E49FD009292A1 /* Resources */ = {
			isa = PBXResourcesBuildPhase;
			buildActionMask = 2147483647;
			files = (
			);
			runOnlyForDeploymentPostprocessing = 0;
		};
		6619FCD0260E49FD009292A1 /* Resources */ = {
			isa = PBXResourcesBuildPhase;
			buildActionMask = 2147483647;
			files = (
			);
			runOnlyForDeploymentPostprocessing = 0;
		};
/* End PBXResourcesBuildPhase section */

/* Begin PBXSourcesBuildPhase section */
		6619FCAA260E49F9009292A1 /* Sources */ = {
			isa = PBXSourcesBuildPhase;
			buildActionMask = 2147483647;
			files = (
				6619FCB6260E49F9009292A1 /* ViewController.swift in Sources */,
				6619FCB2260E49F9009292A1 /* AppDelegate.swift in Sources */,
				6619FCBC260E49F9009292A1 /* movie_library_everis.xcdatamodeld in Sources */,
				6619FCB4260E49F9009292A1 /* SceneDelegate.swift in Sources */,
			);
			runOnlyForDeploymentPostprocessing = 0;
		};
		6619FCC3260E49FD009292A1 /* Sources */ = {
			isa = PBXSourcesBuildPhase;
			buildActionMask = 2147483647;
			files = (
				6619FCCC260E49FD009292A1 /* movie_library_everisTests.swift in Sources */,
			);
			runOnlyForDeploymentPostprocessing = 0;
		};
		6619FCCE260E49FD009292A1 /* Sources */ = {
			isa = PBXSourcesBuildPhase;
			buildActionMask = 2147483647;
			files = (
				6619FCD7260E49FD009292A1 /* movie_library_everisUITests.swift in Sources */,
			);
			runOnlyForDeploymentPostprocessing = 0;
		};
/* End PBXSourcesBuildPhase section */

/* Begin PBXTargetDependency section */
		6619FCC9260E49FD009292A1 /* PBXTargetDependency */ = {
			isa = PBXTargetDependency;
			target = 6619FCAD260E49F9009292A1 /* movie-library-everis */;
			targetProxy = 6619FCC8260E49FD009292A1 /* PBXContainerItemProxy */;
		};
		6619FCD4260E49FD009292A1 /* PBXTargetDependency */ = {
			isa = PBXTargetDependency;
			target = 6619FCAD260E49F9009292A1 /* movie-library-everis */;
			targetProxy = 6619FCD3260E49FD009292A1 /* PBXContainerItemProxy */;
		};
/* End PBXTargetDependency section */

/* Begin PBXVariantGroup section */
		6619FCB7260E49F9009292A1 /* Main.storyboard */ = {
			isa = PBXVariantGroup;
			children = (
				6619FCB8260E49F9009292A1 /* Base */,
			);
			name = Main.storyboard;
			sourceTree = "<group>";
		};
		6619FCBF260E49FC009292A1 /* LaunchScreen.storyboard */ = {
			isa = PBXVariantGroup;
			children = (
				6619FCC0260E49FC009292A1 /* Base */,
			);
			name = LaunchScreen.storyboard;
			sourceTree = "<group>";
		};
/* End PBXVariantGroup section */

/* Begin XCBuildConfiguration section */
		6619FCD9260E49FD009292A1 /* Debug */ = {
			isa = XCBuildConfiguration;
			buildSettings = {
				ALWAYS_SEARCH_USER_PATHS = NO;
				CLANG_ANALYZER_NONNULL = YES;
				CLANG_ANALYZER_NUMBER_OBJECT_CONVERSION = YES_AGGRESSIVE;
				CLANG_CXX_LANGUAGE_STANDARD = "gnu++14";
				CLANG_CXX_LIBRARY = "libc++";
				CLANG_ENABLE_MODULES = YES;
				CLANG_ENABLE_OBJC_ARC = YES;
				CLANG_ENABLE_OBJC_WEAK = YES;
				CLANG_WARN_BLOCK_CAPTURE_AUTORELEASING = YES;
				CLANG_WARN_BOOL_CONVERSION = YES;
				CLANG_WARN_COMMA = YES;
				CLANG_WARN_CONSTANT_CONVERSION = YES;
				CLANG_WARN_DEPRECATED_OBJC_IMPLEMENTATIONS = YES;
				CLANG_WARN_DIRECT_OBJC_ISA_USAGE = YES_ERROR;
				CLANG_WARN_DOCUMENTATION_COMMENTS = YES;
				CLANG_WARN_EMPTY_BODY = YES;
				CLANG_WARN_ENUM_CONVERSION = YES;
				CLANG_WARN_INFINITE_RECURSION = YES;
				CLANG_WARN_INT_CONVERSION = YES;
				CLANG_WARN_NON_LITERAL_NULL_CONVERSION = YES;
				CLANG_WARN_OBJC_IMPLICIT_RETAIN_SELF = YES;
				CLANG_WARN_OBJC_LITERAL_CONVERSION = YES;
				CLANG_WARN_OBJC_ROOT_CLASS = YES_ERROR;
				CLANG_WARN_QUOTED_INCLUDE_IN_FRAMEWORK_HEADER = YES;
				CLANG_WARN_RANGE_LOOP_ANALYSIS = YES;
				CLANG_WARN_STRICT_PROTOTYPES = YES;
				CLANG_WARN_SUSPICIOUS_MOVE = YES;
				CLANG_WARN_UNGUARDED_AVAILABILITY = YES_AGGRESSIVE;
				CLANG_WARN_UNREACHABLE_CODE = YES;
				CLANG_WARN__DUPLICATE_METHOD_MATCH = YES;
				COPY_PHASE_STRIP = NO;
				DEBUG_INFORMATION_FORMAT = dwarf;
				ENABLE_STRICT_OBJC_MSGSEND = YES;
				ENABLE_TESTABILITY = YES;
				GCC_C_LANGUAGE_STANDARD = gnu11;
				GCC_DYNAMIC_NO_PIC = NO;
				GCC_NO_COMMON_BLOCKS = YES;
				GCC_OPTIMIZATION_LEVEL = 0;
				GCC_PREPROCESSOR_DEFINITIONS = (
					"DEBUG=1",
					"$(inherited)",
				);
				GCC_WARN_64_TO_32_BIT_CONVERSION = YES;
				GCC_WARN_ABOUT_RETURN_TYPE = YES_ERROR;
				GCC_WARN_UNDECLARED_SELECTOR = YES;
				GCC_WARN_UNINITIALIZED_AUTOS = YES_AGGRESSIVE;
				GCC_WARN_UNUSED_FUNCTION = YES;
				GCC_WARN_UNUSED_VARIABLE = YES;
				IPHONEOS_DEPLOYMENT_TARGET = 14.4;
				MTL_ENABLE_DEBUG_INFO = INCLUDE_SOURCE;
				MTL_FAST_MATH = YES;
				ONLY_ACTIVE_ARCH = YES;
				SDKROOT = iphoneos;
				SWIFT_ACTIVE_COMPILATION_CONDITIONS = DEBUG;
				SWIFT_OPTIMIZATION_LEVEL = "-Onone";
			};
			name = Debug;
		};
		6619FCDA260E49FD009292A1 /* Release */ = {
			isa = XCBuildConfiguration;
			buildSettings = {
				ALWAYS_SEARCH_USER_PATHS = NO;
				CLANG_ANALYZER_NONNULL = YES;
				CLANG_ANALYZER_NUMBER_OBJECT_CONVERSION = YES_AGGRESSIVE;
				CLANG_CXX_LANGUAGE_STANDARD = "gnu++14";
				CLANG_CXX_LIBRARY = "libc++";
				CLANG_ENABLE_MODULES = YES;
				CLANG_ENABLE_OBJC_ARC = YES;
				CLANG_ENABLE_OBJC_WEAK = YES;
				CLANG_WARN_BLOCK_CAPTURE_AUTORELEASING = YES;
				CLANG_WARN_BOOL_CONVERSION = YES;
				CLANG_WARN_COMMA = YES;
				CLANG_WARN_CONSTANT_CONVERSION = YES;
				CLANG_WARN_DEPRECATED_OBJC_IMPLEMENTATIONS = YES;
				CLANG_WARN_DIRECT_OBJC_ISA_USAGE = YES_ERROR;
				CLANG_WARN_DOCUMENTATION_COMMENTS = YES;
				CLANG_WARN_EMPTY_BODY = YES;
				CLANG_WARN_ENUM_CONVERSION = YES;
				CLANG_WARN_INFINITE_RECURSION = YES;
				CLANG_WARN_INT_CONVERSION = YES;
				CLANG_WARN_NON_LITERAL_NULL_CONVERSION = YES;
				CLANG_WARN_OBJC_IMPLICIT_RETAIN_SELF = YES;
				CLANG_WARN_OBJC_LITERAL_CONVERSION = YES;
				CLANG_WARN_OBJC_ROOT_CLASS = YES_ERROR;
				CLANG_WARN_QUOTED_INCLUDE_IN_FRAMEWORK_HEADER = YES;
				CLANG_WARN_RANGE_LOOP_ANALYSIS = YES;
				CLANG_WARN_STRICT_PROTOTYPES = YES;
				CLANG_WARN_SUSPICIOUS_MOVE = YES;
				CLANG_WARN_UNGUARDED_AVAILABILITY = YES_AGGRESSIVE;
				CLANG_WARN_UNREACHABLE_CODE = YES;
				CLANG_WARN__DUPLICATE_METHOD_MATCH = YES;
				COPY_PHASE_STRIP = NO;
				DEBUG_INFORMATION_FORMAT = "dwarf-with-dsym";
				ENABLE_NS_ASSERTIONS = NO;
				ENABLE_STRICT_OBJC_MSGSEND = YES;
				GCC_C_LANGUAGE_STANDARD = gnu11;
				GCC_NO_COMMON_BLOCKS = YES;
				GCC_WARN_64_TO_32_BIT_CONVERSION = YES;
				GCC_WARN_ABOUT_RETURN_TYPE = YES_ERROR;
				GCC_WARN_UNDECLARED_SELECTOR = YES;
				GCC_WARN_UNINITIALIZED_AUTOS = YES_AGGRESSIVE;
				GCC_WARN_UNUSED_FUNCTION = YES;
				GCC_WARN_UNUSED_VARIABLE = YES;
				IPHONEOS_DEPLOYMENT_TARGET = 14.4;
				MTL_ENABLE_DEBUG_INFO = NO;
				MTL_FAST_MATH = YES;
				SDKROOT = iphoneos;
				SWIFT_COMPILATION_MODE = wholemodule;
				SWIFT_OPTIMIZATION_LEVEL = "-O";
				VALIDATE_PRODUCT = YES;
			};
			name = Release;
		};
		6619FCDC260E49FD009292A1 /* Debug */ = {
			isa = XCBuildConfiguration;
			buildSettings = {
				ASSETCATALOG_COMPILER_APPICON_NAME = AppIcon;
				ASSETCATALOG_COMPILER_GLOBAL_ACCENT_COLOR_NAME = AccentColor;
				CODE_SIGN_STYLE = Automatic;
				DEVELOPMENT_TEAM = 2F4556C25L;
				INFOPLIST_FILE = "movie-library-everis/Info.plist";
				LD_RUNPATH_SEARCH_PATHS = (
					"$(inherited)",
					"@executable_path/Frameworks",
				);
				PRODUCT_BUNDLE_IDENTIFIER = "com.br.everis.movie-library-everis";
				PRODUCT_NAME = "$(TARGET_NAME)";
				SWIFT_VERSION = 5.0;
				TARGETED_DEVICE_FAMILY = "1,2";
			};
			name = Debug;
		};
		6619FCDD260E49FD009292A1 /* Release */ = {
			isa = XCBuildConfiguration;
			buildSettings = {
				ASSETCATALOG_COMPILER_APPICON_NAME = AppIcon;
				ASSETCATALOG_COMPILER_GLOBAL_ACCENT_COLOR_NAME = AccentColor;
				CODE_SIGN_STYLE = Automatic;
				DEVELOPMENT_TEAM = 2F4556C25L;
				INFOPLIST_FILE = "movie-library-everis/Info.plist";
				LD_RUNPATH_SEARCH_PATHS = (
					"$(inherited)",
					"@executable_path/Frameworks",
				);
				PRODUCT_BUNDLE_IDENTIFIER = "com.br.everis.movie-library-everis";
				PRODUCT_NAME = "$(TARGET_NAME)";
				SWIFT_VERSION = 5.0;
				TARGETED_DEVICE_FAMILY = "1,2";
			};
			name = Release;
		};
		6619FCDF260E49FD009292A1 /* Debug */ = {
			isa = XCBuildConfiguration;
			buildSettings = {
				ALWAYS_EMBED_SWIFT_STANDARD_LIBRARIES = YES;
				BUNDLE_LOADER = "$(TEST_HOST)";
				CODE_SIGN_STYLE = Automatic;
				DEVELOPMENT_TEAM = 2F4556C25L;
				INFOPLIST_FILE = "movie-library-everisTests/Info.plist";
				IPHONEOS_DEPLOYMENT_TARGET = 14.4;
				LD_RUNPATH_SEARCH_PATHS = (
					"$(inherited)",
					"@executable_path/Frameworks",
					"@loader_path/Frameworks",
				);
				PRODUCT_BUNDLE_IDENTIFIER = "com.br.everis.movie-library-everisTests";
				PRODUCT_NAME = "$(TARGET_NAME)";
				SWIFT_VERSION = 5.0;
				TARGETED_DEVICE_FAMILY = "1,2";
				TEST_HOST = "$(BUILT_PRODUCTS_DIR)/movie-library-everis.app/movie-library-everis";
			};
			name = Debug;
		};
		6619FCE0260E49FD009292A1 /* Release */ = {
			isa = XCBuildConfiguration;
			buildSettings = {
				ALWAYS_EMBED_SWIFT_STANDARD_LIBRARIES = YES;
				BUNDLE_LOADER = "$(TEST_HOST)";
				CODE_SIGN_STYLE = Automatic;
				DEVELOPMENT_TEAM = 2F4556C25L;
				INFOPLIST_FILE = "movie-library-everisTests/Info.plist";
				IPHONEOS_DEPLOYMENT_TARGET = 14.4;
				LD_RUNPATH_SEARCH_PATHS = (
					"$(inherited)",
					"@executable_path/Frameworks",
					"@loader_path/Frameworks",
				);
				PRODUCT_BUNDLE_IDENTIFIER = "com.br.everis.movie-library-everisTests";
				PRODUCT_NAME = "$(TARGET_NAME)";
				SWIFT_VERSION = 5.0;
				TARGETED_DEVICE_FAMILY = "1,2";
				TEST_HOST = "$(BUILT_PRODUCTS_DIR)/movie-library-everis.app/movie-library-everis";
			};
			name = Release;
		};
		6619FCE2260E49FD009292A1 /* Debug */ = {
			isa = XCBuildConfiguration;
			buildSettings = {
				ALWAYS_EMBED_SWIFT_STANDARD_LIBRARIES = YES;
				CODE_SIGN_STYLE = Automatic;
				DEVELOPMENT_TEAM = 2F4556C25L;
				INFOPLIST_FILE = "movie-library-everisUITests/Info.plist";
				LD_RUNPATH_SEARCH_PATHS = (
					"$(inherited)",
					"@executable_path/Frameworks",
					"@loader_path/Frameworks",
				);
				PRODUCT_BUNDLE_IDENTIFIER = "com.br.everis.movie-library-everisUITests";
				PRODUCT_NAME = "$(TARGET_NAME)";
				SWIFT_VERSION = 5.0;
				TARGETED_DEVICE_FAMILY = "1,2";
				TEST_TARGET_NAME = "movie-library-everis";
			};
			name = Debug;
		};
		6619FCE3260E49FD009292A1 /* Release */ = {
			isa = XCBuildConfiguration;
			buildSettings = {
				ALWAYS_EMBED_SWIFT_STANDARD_LIBRARIES = YES;
				CODE_SIGN_STYLE = Automatic;
				DEVELOPMENT_TEAM = 2F4556C25L;
				INFOPLIST_FILE = "movie-library-everisUITests/Info.plist";
				LD_RUNPATH_SEARCH_PATHS = (
					"$(inherited)",
					"@executable_path/Frameworks",
					"@loader_path/Frameworks",
				);
				PRODUCT_BUNDLE_IDENTIFIER = "com.br.everis.movie-library-everisUITests";
				PRODUCT_NAME = "$(TARGET_NAME)";
				SWIFT_VERSION = 5.0;
				TARGETED_DEVICE_FAMILY = "1,2";
				TEST_TARGET_NAME = "movie-library-everis";
			};
			name = Release;
		};
/* End XCBuildConfiguration section */

/* Begin XCConfigurationList section */
		6619FCA9260E49F9009292A1 /* Build configuration list for PBXProject "movie-library-everis" */ = {
			isa = XCConfigurationList;
			buildConfigurations = (
				6619FCD9260E49FD009292A1 /* Debug */,
				6619FCDA260E49FD009292A1 /* Release */,
			);
			defaultConfigurationIsVisible = 0;
			defaultConfigurationName = Release;
		};
		6619FCDB260E49FD009292A1 /* Build configuration list for PBXNativeTarget "movie-library-everis" */ = {
			isa = XCConfigurationList;
			buildConfigurations = (
				6619FCDC260E49FD009292A1 /* Debug */,
				6619FCDD260E49FD009292A1 /* Release */,
			);
			defaultConfigurationIsVisible = 0;
			defaultConfigurationName = Release;
		};
		6619FCDE260E49FD009292A1 /* Build configuration list for PBXNativeTarget "movie-library-everisTests" */ = {
			isa = XCConfigurationList;
			buildConfigurations = (
				6619FCDF260E49FD009292A1 /* Debug */,
				6619FCE0260E49FD009292A1 /* Release */,
			);
			defaultConfigurationIsVisible = 0;
			defaultConfigurationName = Release;
		};
		6619FCE1260E49FD009292A1 /* Build configuration list for PBXNativeTarget "movie-library-everisUITests" */ = {
			isa = XCConfigurationList;
			buildConfigurations = (
				6619FCE2260E49FD009292A1 /* Debug */,
				6619FCE3260E49FD009292A1 /* Release */,
			);
			defaultConfigurationIsVisible = 0;
			defaultConfigurationName = Release;
		};
/* End XCConfigurationList section */

/* Begin XCVersionGroup section */
		6619FCBA260E49F9009292A1 /* movie_library_everis.xcdatamodeld */ = {
			isa = XCVersionGroup;
			children = (
				6619FCBB260E49F9009292A1 /* movie_library_everis.xcdatamodel */,
			);
			currentVersion = 6619FCBB260E49F9009292A1 /* movie_library_everis.xcdatamodel */;
			path = movie_library_everis.xcdatamodeld;
			sourceTree = "<group>";
			versionGroupType = wrapper.xcdatamodel;
		};
/* End XCVersionGroup section */
	};
	rootObject = 6619FCA6260E49F9009292A1 /* Project object */;
}
